
Microsoft Visual Studio Solution File, Format Version 12.00
Project("{FAE04EC0-301F-11D3-BF4B-00C04F79EFBC}") = "Neko.SDL", "Neko.SDL\Neko.SDL.csproj", "{7C74A39F-38EF-4FCB-8B7E-D4CE1D57B044}"
EndProject
Project("{FAE04EC0-301F-11D3-BF4B-00C04F79EFBC}") = "Neko.SDL.CodeGen", "Neko.SDL.CodeGen\Neko.SDL.CodeGen.csproj", "{631A0C45-35BF-48A7-BCE0-432829AFBFBE}"
EndProject
Project("{FAE04EC0-301F-11D3-BF4B-00C04F79EFBC}") = "Neko.SDL.TestApp", "Neko.SDL.TestApp\Neko.SDL.TestApp.csproj", "{42193790-2BC5-484B-8C4E-F490BA84557D}"
EndProject
Project("{FAE04EC0-301F-11D3-BF4B-00C04F79EFBC}") = "Neko.SDL.ImGui", "Neko.SDL.ImGui\Neko.SDL.ImGui.csproj", "{5A01A05A-5EBE-4EC9-B33C-D7E8644D3FD0}"
EndProject
Project("{FAE04EC0-301F-11D3-BF4B-00C04F79EFBC}") = "Neko.SDL.ImGui.SDLRenderer", "Neko.SDL.ImGui.SDLRenderer\Neko.SDL.ImGui.SDLRenderer.csproj", "{D95C2FC7-298E-4928-B352-15E7D44EADDD}"
EndProject
Project("{FAE04EC0-301F-11D3-BF4B-00C04F79EFBC}") = "Neko.SDL.TestApp.Callback", "Neko.SDL.TestApp.Callback\Neko.SDL.TestApp.Callback.csproj", "{50D30327-3819-4FEC-963F-F3FB98FF9317}"
EndProject
Project("{FAE04EC0-301F-11D3-BF4B-00C04F79EFBC}") = "Neko.SDL.Tests", "Tests\Neko.SDL.Tests\Neko.SDL.Tests.csproj", "{D86C4C4F-687E-4903-B730-7731A2D0B922}"
EndProject
Project("{FAE04EC0-301F-11D3-BF4B-00C04F79EFBC}") = "Neko.SDL.TTF", "Neko.SDL.TTF\Neko.SDL.TTF.csproj", "{072DFD98-7DE9-434B-8475-9014350D97A7}"
EndProject
Project("{FAE04EC0-301F-11D3-BF4B-00C04F79EFBC}") = "Neko.SDL.AvaloniaApp", "Neko.SDL.AvaloniaApp\Neko.SDL.AvaloniaApp.csproj", "{6F7B2937-9340-4517-88C5-BBC7AEEF3B0F}"
EndProject
Global
	GlobalSection(SolutionConfigurationPlatforms) = preSolution
		Debug|Any CPU = Debug|Any CPU
		Release|Any CPU = Release|Any CPU
	EndGlobalSection
	GlobalSection(ProjectConfigurationPlatforms) = postSolution
		{7C74A39F-38EF-4FCB-8B7E-D4CE1D57B044}.Debug|Any CPU.ActiveCfg = Debug|Any CPU
		{7C74A39F-38EF-4FCB-8B7E-D4CE1D57B044}.Debug|Any CPU.Build.0 = Debug|Any CPU
		{7C74A39F-38EF-4FCB-8B7E-D4CE1D57B044}.Release|Any CPU.ActiveCfg = Release|Any CPU
		{7C74A39F-38EF-4FCB-8B7E-D4CE1D57B044}.Release|Any CPU.Build.0 = Release|Any CPU
		{631A0C45-35BF-48A7-BCE0-432829AFBFBE}.Debug|Any CPU.ActiveCfg = Debug|Any CPU
		{631A0C45-35BF-48A7-BCE0-432829AFBFBE}.Debug|Any CPU.Build.0 = Debug|Any CPU
		{631A0C45-35BF-48A7-BCE0-432829AFBFBE}.Release|Any CPU.ActiveCfg = Release|Any CPU
		{631A0C45-35BF-48A7-BCE0-432829AFBFBE}.Release|Any CPU.Build.0 = Release|Any CPU
		{42193790-2BC5-484B-8C4E-F490BA84557D}.Debug|Any CPU.ActiveCfg = Debug|Any CPU
		{42193790-2BC5-484B-8C4E-F490BA84557D}.Debug|Any CPU.Build.0 = Debug|Any CPU
		{42193790-2BC5-484B-8C4E-F490BA84557D}.Release|Any CPU.ActiveCfg = Release|Any CPU
		{42193790-2BC5-484B-8C4E-F490BA84557D}.Release|Any CPU.Build.0 = Release|Any CPU
		{5A01A05A-5EBE-4EC9-B33C-D7E8644D3FD0}.Debug|Any CPU.ActiveCfg = Debug|Any CPU
		{5A01A05A-5EBE-4EC9-B33C-D7E8644D3FD0}.Debug|Any CPU.Build.0 = Debug|Any CPU
		{5A01A05A-5EBE-4EC9-B33C-D7E8644D3FD0}.Release|Any CPU.ActiveCfg = Release|Any CPU
		{5A01A05A-5EBE-4EC9-B33C-D7E8644D3FD0}.Release|Any CPU.Build.0 = Release|Any CPU
		{D95C2FC7-298E-4928-B352-15E7D44EADDD}.Debug|Any CPU.ActiveCfg = Debug|Any CPU
		{D95C2FC7-298E-4928-B352-15E7D44EADDD}.Debug|Any CPU.Build.0 = Debug|Any CPU
		{D95C2FC7-298E-4928-B352-15E7D44EADDD}.Release|Any CPU.ActiveCfg = Release|Any CPU
		{D95C2FC7-298E-4928-B352-15E7D44EADDD}.Release|Any CPU.Build.0 = Release|Any CPU
		{50D30327-3819-4FEC-963F-F3FB98FF9317}.Debug|Any CPU.ActiveCfg = Debug|Any CPU
		{50D30327-3819-4FEC-963F-F3FB98FF9317}.Debug|Any CPU.Build.0 = Debug|Any CPU
		{50D30327-3819-4FEC-963F-F3FB98FF9317}.Release|Any CPU.ActiveCfg = Release|Any CPU
		{50D30327-3819-4FEC-963F-F3FB98FF9317}.Release|Any CPU.Build.0 = Release|Any CPU
		{D86C4C4F-687E-4903-B730-7731A2D0B922}.Debug|Any CPU.ActiveCfg = Debug|Any CPU
		{D86C4C4F-687E-4903-B730-7731A2D0B922}.Debug|Any CPU.Build.0 = Debug|Any CPU
		{D86C4C4F-687E-4903-B730-7731A2D0B922}.Release|Any CPU.ActiveCfg = Release|Any CPU
		{D86C4C4F-687E-4903-B730-7731A2D0B922}.Release|Any CPU.Build.0 = Release|Any CPU
		{072DFD98-7DE9-434B-8475-9014350D97A7}.Debug|Any CPU.ActiveCfg = Debug|Any CPU
		{072DFD98-7DE9-434B-8475-9014350D97A7}.Debug|Any CPU.Build.0 = Debug|Any CPU
		{072DFD98-7DE9-434B-8475-9014350D97A7}.Release|Any CPU.ActiveCfg = Release|Any CPU
		{072DFD98-7DE9-434B-8475-9014350D97A7}.Release|Any CPU.Build.0 = Release|Any CPU
		{6F7B2937-9340-4517-88C5-BBC7AEEF3B0F}.Debug|Any CPU.ActiveCfg = Debug|Any CPU
		{6F7B2937-9340-4517-88C5-BBC7AEEF3B0F}.Debug|Any CPU.Build.0 = Debug|Any CPU
		{6F7B2937-9340-4517-88C5-BBC7AEEF3B0F}.Release|Any CPU.ActiveCfg = Release|Any CPU
		{6F7B2937-9340-4517-88C5-BBC7AEEF3B0F}.Release|Any CPU.Build.0 = Release|Any CPU
	EndGlobalSection
EndGlobal
